
Microsoft Visual Studio Solution File, Format Version 12.00
# Visual Studio Version 17
VisualStudioVersion = 17.4.33213.308
MinimumVisualStudioVersion = 10.0.40219.1
Project("{FAE04EC0-301F-11D3-BF4B-00C04F79EFBC}") = "Homework", "Homework\Homework.csproj", "{01E5BE12-14D4-40C0-9410-C05FF43152FD}"
EndProject
Project("{FAE04EC0-301F-11D3-BF4B-00C04F79EFBC}") = "Lesson", "Lesson\Lesson.csproj", "{146031A3-EB88-4E74-86F1-896C5B34F5AF}"
EndProject
Project("{FAE04EC0-301F-11D3-BF4B-00C04F79EFBC}") = "Tasks", "Tasks\Tasks.csproj", "{C2B0A481-0441-4CCF-8B1B-FCF2231D9AA4}"
EndProject
Global
	GlobalSection(SolutionConfigurationPlatforms) = preSolution
		Debug|Any CPU = Debug|Any CPU
		Release|Any CPU = Release|Any CPU
	EndGlobalSection
	GlobalSection(ProjectConfigurationPlatforms) = postSolution
		{01E5BE12-14D4-40C0-9410-C05FF43152FD}.Debug|Any CPU.ActiveCfg = Debug|Any CPU
		{01E5BE12-14D4-40C0-9410-C05FF43152FD}.Debug|Any CPU.Build.0 = Debug|Any CPU
		{01E5BE12-14D4-40C0-9410-C05FF43152FD}.Release|Any CPU.ActiveCfg = Release|Any CPU
		{01E5BE12-14D4-40C0-9410-C05FF43152FD}.Release|Any CPU.Build.0 = Release|Any CPU
		{146031A3-EB88-4E74-86F1-896C5B34F5AF}.Debug|Any CPU.ActiveCfg = Debug|Any CPU
		{146031A3-EB88-4E74-86F1-896C5B34F5AF}.Debug|Any CPU.Build.0 = Debug|Any CPU
		{146031A3-EB88-4E74-86F1-896C5B34F5AF}.Release|Any CPU.ActiveCfg = Release|Any CPU
		{146031A3-EB88-4E74-86F1-896C5B34F5AF}.Release|Any CPU.Build.0 = Release|Any CPU
		{C2B0A481-0441-4CCF-8B1B-FCF2231D9AA4}.Debug|Any CPU.ActiveCfg = Debug|Any CPU
		{C2B0A481-0441-4CCF-8B1B-FCF2231D9AA4}.Debug|Any CPU.Build.0 = Debug|Any CPU
		{C2B0A481-0441-4CCF-8B1B-FCF2231D9AA4}.Release|Any CPU.ActiveCfg = Release|Any CPU
		{C2B0A481-0441-4CCF-8B1B-FCF2231D9AA4}.Release|Any CPU.Build.0 = Release|Any CPU
	EndGlobalSection
	GlobalSection(SolutionProperties) = preSolution
		HideSolutionNode = FALSE
	EndGlobalSection
	GlobalSection(ExtensibilityGlobals) = postSolution
		SolutionGuid = {0254280B-AA49-42BA-8DA7-E09DFD1D1BC0}
	EndGlobalSection
EndGlobal
